# This is a Gradle generated file for dependency locking.
# Manual edits can break the build and are not advised.
# This file is expected to be part of source control.
androidx.activity:activity:1.0.0=debugAndroidTestCompileClasspath,debugAndroidTestRuntimeClasspath,debugApiDependenciesMetadata,debugCompileClasspath,debugImplementationDependenciesMetadata,debugRuntimeClasspath,debugUnitTestCompileClasspath,debugUnitTestRuntimeClasspath,profileApiDependenciesMetadata,profileCompileClasspath,profileImplementationDependenciesMetadata,profileRuntimeClasspath,profileUnitTestCompileClasspath,profileUnitTestRuntimeClasspath,releaseApiDependenciesMetadata,releaseCompileClasspath,releaseImplementationDependenciesMetadata,releaseRuntimeClasspath,releaseUnitTestCompileClasspath,releaseUnitTestRuntimeClasspath
androidx.annotation:annotation-experimental:1.1.0=debugAndroidTestCompileClasspath,debugAndroidTestRuntimeClasspath,debugApiDependenciesMetadata,debugCompileClasspath,debugImplementationDependenciesMetadata,debugRuntimeClasspath,debugUnitTestCompileClasspath,debugUnitTestRuntimeClasspath,profileApiDependenciesMetadata,profileCompileClasspath,profileImplementationDependenciesMetadata,profileRuntimeClasspath,profileUnitTestCompileClasspath,profileUnitTestRuntimeClasspath,releaseApiDependenciesMetadata,releaseCompileClasspath,releaseImplementationDependenciesMetadata,releaseRuntimeClasspath,releaseUnitTestCompileClasspath,releaseUnitTestRuntimeClasspath
androidx.annotation:annotation:1.1.0=compileOnlyDependenciesMetadata,debugCompileOnlyDependenciesMetadata,debugUnitTestImplementationDependenciesMetadata,profileCompileOnlyDependenciesMetadata,profileUnitTestImplementationDependenciesMetadata,releaseCompileOnlyDependenciesMetadata,releaseUnitTestImplementationDependenciesMetadata,testImplementationDependenciesMetadata
androidx.annotation:annotation:1.2.0=debugAndroidTestCompileClasspath,debugAndroidTestRuntimeClasspath,debugApiDependenciesMetadata,debugCompileClasspath,debugImplementationDependenciesMetadata,debugRuntimeClasspath,debugUnitTestCompileClasspath,debugUnitTestRuntimeClasspath,profileApiDependenciesMetadata,profileCompileClasspath,profileImplementationDependenciesMetadata,profileRuntimeClasspath,profileUnitTestCompileClasspath,profileUnitTestRuntimeClasspath,releaseApiDependenciesMetadata,releaseCompileClasspath,releaseImplementationDependenciesMetadata,releaseRuntimeClasspath,releaseUnitTestCompileClasspath,releaseUnitTestRuntimeClasspath
androidx.arch.core:core-common:2.1.0=debugAndroidTestCompileClasspath,debugAndroidTestRuntimeClasspath,debugApiDependenciesMetadata,debugCompileClasspath,debugImplementationDependenciesMetadata,debugRuntimeClasspath,debugUnitTestCompileClasspath,debugUnitTestRuntimeClasspath,profileApiDependenciesMetadata,profileCompileClasspath,profileImplementationDependenciesMetadata,profileRuntimeClasspath,profileUnitTestCompileClasspath,profileUnitTestRuntimeClasspath,releaseApiDependenciesMetadata,releaseCompileClasspath,releaseImplementationDependenciesMetadata,releaseRuntimeClasspath,releaseUnitTestCompileClasspath,releaseUnitTestRuntimeClasspath
androidx.arch.core:core-runtime:2.0.0=debugAndroidTestCompileClasspath,debugAndroidTestRuntimeClasspath,debugApiDependenciesMetadata,debugCompileClasspath,debugImplementationDependenciesMetadata,debugRuntimeClasspath,debugUnitTestCompileClasspath,debugUnitTestRuntimeClasspath,profileApiDependenciesMetadata,profileCompileClasspath,profileImplementationDependenciesMetadata,profileRuntimeClasspath,profileUnitTestCompileClasspath,profileUnitTestRuntimeClasspath,releaseApiDependenciesMetadata,releaseCompileClasspath,releaseImplementationDependenciesMetadata,releaseRuntimeClasspath,releaseUnitTestCompileClasspath,releaseUnitTestRuntimeClasspath
androidx.collection:collection:1.1.0=debugAndroidTestCompileClasspath,debugAndroidTestRuntimeClasspath,debugApiDependenciesMetadata,debugCompileClasspath,debugImplementationDependenciesMetadata,debugRuntimeClasspath,debugUnitTestCompileClasspath,debugUnitTestRuntimeClasspath,profileApiDependenciesMetadata,profileCompileClasspath,profileImplementationDependenciesMetadata,profileRuntimeClasspath,profileUnitTestCompileClasspath,profileUnitTestRuntimeClasspath,releaseApiDependenciesMetadata,releaseCompileClasspath,releaseImplementationDependenciesMetadata,releaseRuntimeClasspath,releaseUnitTestCompileClasspath,releaseUnitTestRuntimeClasspath
androidx.core:core:1.6.0=debugAndroidTestCompileClasspath,debugAndroidTestRuntimeClasspath,debugApiDependenciesMetadata,debugCompileClasspath,debugImplementationDependenciesMetadata,debugRuntimeClasspath,debugUnitTestCompileClasspath,debugUnitTestRuntimeClasspath,profileApiDependenciesMetadata,profileCompileClasspath,profileImplementationDependenciesMetadata,profileRuntimeClasspath,profileUnitTestCompileClasspath,profileUnitTestRuntimeClasspath,releaseApiDependenciesMetadata,releaseCompileClasspath,releaseImplementationDependenciesMetadata,releaseRuntimeClasspath,releaseUnitTestCompileClasspath,releaseUnitTestRuntimeClasspath
androidx.customview:customview:1.0.0=debugAndroidTestCompileClasspath,debugAndroidTestRuntimeClasspath,debugApiDependenciesMetadata,debugCompileClasspath,debugImplementationDependenciesMetadata,debugRuntimeClasspath,debugUnitTestCompileClasspath,debugUnitTestRuntimeClasspath,profileApiDependenciesMetadata,profileCompileClasspath,profileImplementationDependenciesMetadata,profileRuntimeClasspath,profileUnitTestCompileClasspath,profileUnitTestRuntimeClasspath,releaseApiDependenciesMetadata,releaseCompileClasspath,releaseImplementationDependenciesMetadata,releaseRuntimeClasspath,releaseUnitTestCompileClasspath,releaseUnitTestRuntimeClasspath
androidx.fragment:fragment:1.1.0=debugAndroidTestCompileClasspath,debugAndroidTestRuntimeClasspath,debugApiDependenciesMetadata,debugCompileClasspath,debugImplementationDependenciesMetadata,debugRuntimeClasspath,debugUnitTestCompileClasspath,debugUnitTestRuntimeClasspath,profileApiDependenciesMetadata,profileCompileClasspath,profileImplementationDependenciesMetadata,profileRuntimeClasspath,profileUnitTestCompileClasspath,profileUnitTestRuntimeClasspath,releaseApiDependenciesMetadata,releaseCompileClasspath,releaseImplementationDependenciesMetadata,releaseRuntimeClasspath,releaseUnitTestCompileClasspath,releaseUnitTestRuntimeClasspath
androidx.lifecycle:lifecycle-common-java8:2.2.0=debugAndroidTestCompileClasspath,debugAndroidTestRuntimeClasspath,debugApiDependenciesMetadata,debugCompileClasspath,debugImplementationDependenciesMetadata,debugRuntimeClasspath,debugUnitTestCompileClasspath,debugUnitTestRuntimeClasspath,profileApiDependenciesMetadata,profileCompileClasspath,profileImplementationDependenciesMetadata,profileRuntimeClasspath,profileUnitTestCompileClasspath,profileUnitTestRuntimeClasspath,releaseApiDependenciesMetadata,releaseCompileClasspath,releaseImplementationDependenciesMetadata,releaseRuntimeClasspath,releaseUnitTestCompileClasspath,releaseUnitTestRuntimeClasspath
androidx.lifecycle:lifecycle-common:2.0.0=debugUnitTestImplementationDependenciesMetadata,profileUnitTestImplementationDependenciesMetadata,releaseUnitTestImplementationDependenciesMetadata,testImplementationDependenciesMetadata
androidx.lifecycle:lifecycle-common:2.2.0=debugAndroidTestCompileClasspath,debugAndroidTestRuntimeClasspath,debugApiDependenciesMetadata,debugCompileClasspath,debugImplementationDependenciesMetadata,debugRuntimeClasspath,debugUnitTestCompileClasspath,debugUnitTestRuntimeClasspath,profileApiDependenciesMetadata,profileCompileClasspath,profileImplementationDependenciesMetadata,profileRuntimeClasspath,profileUnitTestCompileClasspath,profileUnitTestRuntimeClasspath,releaseApiDependenciesMetadata,releaseCompileClasspath,releaseImplementationDependenciesMetadata,releaseRuntimeClasspath,releaseUnitTestCompileClasspath,releaseUnitTestRuntimeClasspath
androidx.lifecycle:lifecycle-livedata-core:2.0.0=debugAndroidTestCompileClasspath,debugAndroidTestRuntimeClasspath,debugApiDependenciesMetadata,debugCompileClasspath,debugImplementationDependenciesMetadata,debugRuntimeClasspath,debugUnitTestCompileClasspath,debugUnitTestRuntimeClasspath,profileApiDependenciesMetadata,profileCompileClasspath,profileImplementationDependenciesMetadata,profileRuntimeClasspath,profileUnitTestCompileClasspath,profileUnitTestRuntimeClasspath,releaseApiDependenciesMetadata,releaseCompileClasspath,releaseImplementationDependenciesMetadata,releaseRuntimeClasspath,releaseUnitTestCompileClasspath,releaseUnitTestRuntimeClasspath
androidx.lifecycle:lifecycle-livedata:2.0.0=debugAndroidTestCompileClasspath,debugAndroidTestRuntimeClasspath,debugApiDependenciesMetadata,debugCompileClasspath,debugImplementationDependenciesMetadata,debugRuntimeClasspath,debugUnitTestCompileClasspath,debugUnitTestRuntimeClasspath,profileApiDependenciesMetadata,profileCompileClasspath,profileImplementationDependenciesMetadata,profileRuntimeClasspath,profileUnitTestCompileClasspath,profileUnitTestRuntimeClasspath,releaseApiDependenciesMetadata,releaseCompileClasspath,releaseImplementationDependenciesMetadata,releaseRuntimeClasspath,releaseUnitTestCompileClasspath,releaseUnitTestRuntimeClasspath
androidx.lifecycle:lifecycle-runtime:2.2.0=debugAndroidTestCompileClasspath,debugAndroidTestRuntimeClasspath,debugApiDependenciesMetadata,debugCompileClasspath,debugImplementationDependenciesMetadata,debugRuntimeClasspath,debugUnitTestCompileClasspath,debugUnitTestRuntimeClasspath,profileApiDependenciesMetadata,profileCompileClasspath,profileImplementationDependenciesMetadata,profileRuntimeClasspath,profileUnitTestCompileClasspath,profileUnitTestRuntimeClasspath,releaseApiDependenciesMetadata,releaseCompileClasspath,releaseImplementationDependenciesMetadata,releaseRuntimeClasspath,releaseUnitTestCompileClasspath,releaseUnitTestRuntimeClasspath
androidx.lifecycle:lifecycle-viewmodel:2.1.0=debugAndroidTestCompileClasspath,debugAndroidTestRuntimeClasspath,debugApiDependenciesMetadata,debugCompileClasspath,debugImplementationDependenciesMetadata,debugRuntimeClasspath,debugUnitTestCompileClasspath,debugUnitTestRuntimeClasspath,profileApiDependenciesMetadata,profileCompileClasspath,profileImplementationDependenciesMetadata,profileRuntimeClasspath,profileUnitTestCompileClasspath,profileUnitTestRuntimeClasspath,releaseApiDependenciesMetadata,releaseCompileClasspath,releaseImplementationDependenciesMetadata,releaseRuntimeClasspath,releaseUnitTestCompileClasspath,releaseUnitTestRuntimeClasspath
androidx.loader:loader:1.0.0=debugAndroidTestCompileClasspath,debugAndroidTestRuntimeClasspath,debugApiDependenciesMetadata,debugCompileClasspath,debugImplementationDependenciesMetadata,debugRuntimeClasspath,debugUnitTestCompileClasspath,debugUnitTestRuntimeClasspath,profileApiDependenciesMetadata,profileCompileClasspath,profileImplementationDependenciesMetadata,profileRuntimeClasspath,profileUnitTestCompileClasspath,profileUnitTestRuntimeClasspath,releaseApiDependenciesMetadata,releaseCompileClasspath,releaseImplementationDependenciesMetadata,releaseRuntimeClasspath,releaseUnitTestCompileClasspath,releaseUnitTestRuntimeClasspath
androidx.savedstate:savedstate:1.0.0=debugAndroidTestCompileClasspath,debugAndroidTestRuntimeClasspath,debugApiDependenciesMetadata,debugCompileClasspath,debugImplementationDependenciesMetadata,debugRuntimeClasspath,debugUnitTestCompileClasspath,debugUnitTestRuntimeClasspath,profileApiDependenciesMetadata,profileCompileClasspath,profileImplementationDependenciesMetadata,profileRuntimeClasspath,profileUnitTestCompileClasspath,profileUnitTestRuntimeClasspath,releaseApiDependenciesMetadata,releaseCompileClasspath,releaseImplementationDependenciesMetadata,releaseRuntimeClasspath,releaseUnitTestCompileClasspath,releaseUnitTestRuntimeClasspath
androidx.test:core:1.3.0=debugUnitTestCompileClasspath,debugUnitTestImplementationDependenciesMetadata,debugUnitTestRuntimeClasspath,profileUnitTestCompileClasspath,profileUnitTestImplementationDependenciesMetadata,profileUnitTestRuntimeClasspath,releaseUnitTestCompileClasspath,releaseUnitTestImplementationDependenciesMetadata,releaseUnitTestRuntimeClasspath,testImplementationDependenciesMetadata
androidx.test:monitor:1.3.0=debugUnitTestCompileClasspath,debugUnitTestImplementationDependenciesMetadata,debugUnitTestRuntimeClasspath,profileUnitTestCompileClasspath,profileUnitTestImplementationDependenciesMetadata,profileUnitTestRuntimeClasspath,releaseUnitTestCompileClasspath,releaseUnitTestImplementationDependenciesMetadata,releaseUnitTestRuntimeClasspath,testImplementationDependenciesMetadata
androidx.tracing:tracing:1.0.0=debugAndroidTestCompileClasspath,debugAndroidTestRuntimeClasspath,debugApiDependenciesMetadata,debugCompileClasspath,debugImplementationDependenciesMetadata,debugRuntimeClasspath,debugUnitTestCompileClasspath,debugUnitTestRuntimeClasspath,profileApiDependenciesMetadata,profileCompileClasspath,profileImplementationDependenciesMetadata,profileRuntimeClasspath,profileUnitTestCompileClasspath,profileUnitTestRuntimeClasspath,releaseApiDependenciesMetadata,releaseCompileClasspath,releaseImplementationDependenciesMetadata,releaseRuntimeClasspath,releaseUnitTestCompileClasspath,releaseUnitTestRuntimeClasspath
androidx.versionedparcelable:versionedparcelable:1.1.1=debugAndroidTestCompileClasspath,debugAndroidTestRuntimeClasspath,debugApiDependenciesMetadata,debugCompileClasspath,debugImplementationDependenciesMetadata,debugRuntimeClasspath,debugUnitTestCompileClasspath,debugUnitTestRuntimeClasspath,profileApiDependenciesMetadata,profileCompileClasspath,profileImplementationDependenciesMetadata,profileRuntimeClasspath,profileUnitTestCompileClasspath,profileUnitTestRuntimeClasspath,releaseApiDependenciesMetadata,releaseCompileClasspath,releaseImplementationDependenciesMetadata,releaseRuntimeClasspath,releaseUnitTestCompileClasspath,releaseUnitTestRuntimeClasspath
androidx.viewpager:viewpager:1.0.0=debugAndroidTestCompileClasspath,debugAndroidTestRuntimeClasspath,debugApiDependenciesMetadata,debugCompileClasspath,debugImplementationDependenciesMetadata,debugRuntimeClasspath,debugUnitTestCompileClasspath,debugUnitTestRuntimeClasspath,profileApiDependenciesMetadata,profileCompileClasspath,profileImplementationDependenciesMetadata,profileRuntimeClasspath,profileUnitTestCompileClasspath,profileUnitTestRuntimeClasspath,releaseApiDependenciesMetadata,releaseCompileClasspath,releaseImplementationDependenciesMetadata,releaseRuntimeClasspath,releaseUnitTestCompileClasspath,releaseUnitTestRuntimeClasspath
androidx.window:window-java:1.0.0-beta04=debugAndroidTestCompileClasspath,debugAndroidTestRuntimeClasspath,debugApiDependenciesMetadata,debugCompileClasspath,debugImplementationDependenciesMetadata,debugRuntimeClasspath,debugUnitTestCompileClasspath,debugUnitTestRuntimeClasspath,profileApiDependenciesMetadata,profileCompileClasspath,profileImplementationDependenciesMetadata,profileRuntimeClasspath,profileUnitTestCompileClasspath,profileUnitTestRuntimeClasspath,releaseApiDependenciesMetadata,releaseCompileClasspath,releaseImplementationDependenciesMetadata,releaseRuntimeClasspath,releaseUnitTestCompileClasspath,releaseUnitTestRuntimeClasspath
androidx.window:window:1.0.0-beta04=debugAndroidTestCompileClasspath,debugAndroidTestRuntimeClasspath,debugApiDependenciesMetadata,debugCompileClasspath,debugImplementationDependenciesMetadata,debugRuntimeClasspath,debugUnitTestCompileClasspath,debugUnitTestRuntimeClasspath,profileApiDependenciesMetadata,profileCompileClasspath,profileImplementationDependenciesMetadata,profileRuntimeClasspath,profileUnitTestCompileClasspath,profileUnitTestRuntimeClasspath,releaseApiDependenciesMetadata,releaseCompileClasspath,releaseImplementationDependenciesMetadata,releaseRuntimeClasspath,releaseUnitTestCompileClasspath,releaseUnitTestRuntimeClasspath
com.almworks.sqlite4java:sqlite4java:1.0.392=debugUnitTestCompileClasspath,debugUnitTestImplementationDependenciesMetadata,debugUnitTestRuntimeClasspath,profileUnitTestCompileClasspath,profileUnitTestImplementationDependenciesMetadata,profileUnitTestRuntimeClasspath,releaseUnitTestCompileClasspath,releaseUnitTestImplementationDependenciesMetadata,releaseUnitTestRuntimeClasspath,testImplementationDependenciesMetadata
com.google.auto.value:auto-value-annotations:1.6.2=debugUnitTestCompileClasspath,debugUnitTestImplementationDependenciesMetadata,debugUnitTestRuntimeClasspath,profileUnitTestCompileClasspath,profileUnitTestImplementationDependenciesMetadata,profileUnitTestRuntimeClasspath,releaseUnitTestCompileClasspath,releaseUnitTestImplementationDependenciesMetadata,releaseUnitTestRuntimeClasspath,testImplementationDependenciesMetadata
com.google.code.findbugs:jsr305:3.0.2=debugUnitTestCompileClasspath,debugUnitTestImplementationDependenciesMetadata,debugUnitTestRuntimeClasspath,profileUnitTestCompileClasspath,profileUnitTestImplementationDependenciesMetadata,profileUnitTestRuntimeClasspath,releaseUnitTestCompileClasspath,releaseUnitTestImplementationDependenciesMetadata,releaseUnitTestRuntimeClasspath,testImplementationDependenciesMetadata
com.google.errorprone:error_prone_annotations:2.2.0=debugUnitTestCompileClasspath,debugUnitTestImplementationDependenciesMetadata,debugUnitTestRuntimeClasspath,profileUnitTestCompileClasspath,profileUnitTestImplementationDependenciesMetadata,profileUnitTestRuntimeClasspath,releaseUnitTestCompileClasspath,releaseUnitTestImplementationDependenciesMetadata,releaseUnitTestRuntimeClasspath,testImplementationDependenciesMetadata
com.google.guava:failureaccess:1.0.1=debugUnitTestCompileClasspath,debugUnitTestImplementationDependenciesMetadata,debugUnitTestRuntimeClasspath,profileUnitTestCompileClasspath,profileUnitTestImplementationDependenciesMetadata,profileUnitTestRuntimeClasspath,releaseUnitTestCompileClasspath,releaseUnitTestImplementationDependenciesMetadata,releaseUnitTestRuntimeClasspath,testImplementationDependenciesMetadata
com.google.guava:guava:27.0.1-jre=debugUnitTestCompileClasspath,debugUnitTestImplementationDependenciesMetadata,debugUnitTestRuntimeClasspath,profileUnitTestCompileClasspath,profileUnitTestImplementationDependenciesMetadata,profileUnitTestRuntimeClasspath,releaseUnitTestCompileClasspath,releaseUnitTestImplementationDependenciesMetadata,releaseUnitTestRuntimeClasspath,testImplementationDependenciesMetadata
com.google.guava:listenablefuture:9999.0-empty-to-avoid-conflict-with-guava=debugUnitTestCompileClasspath,debugUnitTestImplementationDependenciesMetadata,debugUnitTestRuntimeClasspath,profileUnitTestCompileClasspath,profileUnitTestImplementationDependenciesMetadata,profileUnitTestRuntimeClasspath,releaseUnitTestCompileClasspath,releaseUnitTestImplementationDependenciesMetadata,releaseUnitTestRuntimeClasspath,testImplementationDependenciesMetadata
com.google.j2objc:j2objc-annotations:1.1=debugUnitTestCompileClasspath,debugUnitTestImplementationDependenciesMetadata,debugUnitTestRuntimeClasspath,profileUnitTestCompileClasspath,profileUnitTestImplementationDependenciesMetadata,profileUnitTestRuntimeClasspath,releaseUnitTestCompileClasspath,releaseUnitTestImplementationDependenciesMetadata,releaseUnitTestRuntimeClasspath,testImplementationDependenciesMetadata
com.ibm.icu:icu4j:53.1=debugUnitTestCompileClasspath,debugUnitTestImplementationDependenciesMetadata,debugUnitTestRuntimeClasspath,profileUnitTestCompileClasspath,profileUnitTestImplementationDependenciesMetadata,profileUnitTestRuntimeClasspath,releaseUnitTestCompileClasspath,releaseUnitTestImplementationDependenciesMetadata,releaseUnitTestRuntimeClasspath,testImplementationDependenciesMetadata
javax.annotation:javax.annotation-api:1.3.2=debugUnitTestCompileClasspath,debugUnitTestImplementationDependenciesMetadata,debugUnitTestRuntimeClasspath,profileUnitTestCompileClasspath,profileUnitTestImplementationDependenciesMetadata,profileUnitTestRuntimeClasspath,releaseUnitTestCompileClasspath,releaseUnitTestImplementationDependenciesMetadata,releaseUnitTestRuntimeClasspath,testImplementationDependenciesMetadata
javax.inject:javax.inject:1=debugUnitTestCompileClasspath,debugUnitTestImplementationDependenciesMetadata,debugUnitTestRuntimeClasspath,profileUnitTestCompileClasspath,profileUnitTestImplementationDependenciesMetadata,profileUnitTestRuntimeClasspath,releaseUnitTestCompileClasspath,releaseUnitTestImplementationDependenciesMetadata,releaseUnitTestRuntimeClasspath,testImplementationDependenciesMetadata
junit:junit:4.13.2=debugUnitTestCompileClasspath,debugUnitTestImplementationDependenciesMetadata,debugUnitTestRuntimeClasspath,profileUnitTestCompileClasspath,profileUnitTestImplementationDependenciesMetadata,profileUnitTestRuntimeClasspath,releaseUnitTestCompileClasspath,releaseUnitTestImplementationDependenciesMetadata,releaseUnitTestRuntimeClasspath,testImplementationDependenciesMetadata
net.bytebuddy:byte-buddy-agent:1.10.20=debugUnitTestCompileClasspath,debugUnitTestImplementationDependenciesMetadata,debugUnitTestRuntimeClasspath,profileUnitTestCompileClasspath,profileUnitTestImplementationDependenciesMetadata,profileUnitTestRuntimeClasspath,releaseUnitTestCompileClasspath,releaseUnitTestImplementationDependenciesMetadata,releaseUnitTestRuntimeClasspath,testImplementationDependenciesMetadata
net.bytebuddy:byte-buddy:1.10.20=debugUnitTestCompileClasspath,debugUnitTestImplementationDependenciesMetadata,debugUnitTestRuntimeClasspath,profileUnitTestCompileClasspath,profileUnitTestImplementationDependenciesMetadata,profileUnitTestRuntimeClasspath,releaseUnitTestCompileClasspath,releaseUnitTestImplementationDependenciesMetadata,releaseUnitTestRuntimeClasspath,testImplementationDependenciesMetadata
net.java.dev.jna:jna:5.6.0=kotlinCompilerClasspath,kotlinKlibCommonizerClasspath
org.bouncycastle:bcprov-jdk15on:1.65=debugUnitTestCompileClasspath,debugUnitTestImplementationDependenciesMetadata,debugUnitTestRuntimeClasspath,profileUnitTestCompileClasspath,profileUnitTestImplementationDependenciesMetadata,profileUnitTestRuntimeClasspath,releaseUnitTestCompileClasspath,releaseUnitTestImplementationDependenciesMetadata,releaseUnitTestRuntimeClasspath,testImplementationDependenciesMetadata
org.checkerframework:checker-qual:2.5.2=debugUnitTestCompileClasspath,debugUnitTestImplementationDependenciesMetadata,debugUnitTestRuntimeClasspath,profileUnitTestCompileClasspath,profileUnitTestImplementationDependenciesMetadata,profileUnitTestRuntimeClasspath,releaseUnitTestCompileClasspath,releaseUnitTestImplementationDependenciesMetadata,releaseUnitTestRuntimeClasspath,testImplementationDependenciesMetadata
org.codehaus.mojo:animal-sniffer-annotations:1.17=debugUnitTestCompileClasspath,debugUnitTestImplementationDependenciesMetadata,debugUnitTestRuntimeClasspath,profileUnitTestCompileClasspath,profileUnitTestImplementationDependenciesMetadata,profileUnitTestRuntimeClasspath,releaseUnitTestCompileClasspath,releaseUnitTestImplementationDependenciesMetadata,releaseUnitTestRuntimeClasspath,testImplementationDependenciesMetadata
org.hamcrest:hamcrest-core:1.3=debugUnitTestCompileClasspath,debugUnitTestImplementationDependenciesMetadata,debugUnitTestRuntimeClasspath,profileUnitTestCompileClasspath,profileUnitTestImplementationDependenciesMetadata,profileUnitTestRuntimeClasspath,releaseUnitTestCompileClasspath,releaseUnitTestImplementationDependenciesMetadata,releaseUnitTestRuntimeClasspath,testImplementationDependenciesMetadata
org.jacoco:org.jacoco.agent:0.8.7=androidJacocoAnt
org.jacoco:org.jacoco.ant:0.8.7=androidJacocoAnt
org.jacoco:org.jacoco.core:0.8.7=androidJacocoAnt
org.jacoco:org.jacoco.report:0.8.7=androidJacocoAnt
org.jetbrains.intellij.deps:trove4j:1.0.20200330=kotlinCompilerClasspath,kotlinKlibCommonizerClasspath
org.jetbrains.kotlin:kotlin-compiler-embeddable:1.7.10=kotlinCompilerClasspath,kotlinKlibCommonizerClasspath
org.jetbrains.kotlin:kotlin-daemon-embeddable:1.7.10=kotlinCompilerClasspath,kotlinKlibCommonizerClasspath
org.jetbrains.kotlin:kotlin-klib-commonizer-embeddable:1.7.10=kotlinKlibCommonizerClasspath
org.jetbrains.kotlin:kotlin-reflect:1.7.10=kotlinCompilerClasspath,kotlinKlibCommonizerClasspath
org.jetbrains.kotlin:kotlin-script-runtime:1.7.10=kotlinCompilerClasspath,kotlinKlibCommonizerClasspath
org.jetbrains.kotlin:kotlin-stdlib-common:1.5.31=debugApiDependenciesMetadata,profileApiDependenciesMetadata,releaseApiDependenciesMetadata
org.jetbrains.kotlin:kotlin-stdlib-common:1.7.10=kotlinCompilerClasspath,kotlinKlibCommonizerClasspath
org.jetbrains.kotlin:kotlin-stdlib-common:1.7.21=debugAndroidTestCompileClasspath,debugAndroidTestRuntimeClasspath,debugCompileClasspath,debugImplementationDependenciesMetadata,debugRuntimeClasspath,debugUnitTestCompileClasspath,debugUnitTestRuntimeClasspath,implementationDependenciesMetadata,profileCompileClasspath,profileImplementationDependenciesMetadata,profileRuntimeClasspath,profileUnitTestCompileClasspath,profileUnitTestRuntimeClasspath,releaseCompileClasspath,releaseImplementationDependenciesMetadata,releaseRuntimeClasspath,releaseUnitTestCompileClasspath,releaseUnitTestRuntimeClasspath
org.jetbrains.kotlin:kotlin-stdlib-jdk7:1.5.30=debugApiDependenciesMetadata,profileApiDependenciesMetadata,releaseApiDependenciesMetadata
org.jetbrains.kotlin:kotlin-stdlib-jdk7:1.7.21=debugAndroidTestCompileClasspath,debugAndroidTestRuntimeClasspath,debugCompileClasspath,debugImplementationDependenciesMetadata,debugRuntimeClasspath,debugUnitTestCompileClasspath,debugUnitTestRuntimeClasspath,implementationDependenciesMetadata,profileCompileClasspath,profileImplementationDependenciesMetadata,profileRuntimeClasspath,profileUnitTestCompileClasspath,profileUnitTestRuntimeClasspath,releaseCompileClasspath,releaseImplementationDependenciesMetadata,releaseRuntimeClasspath,releaseUnitTestCompileClasspath,releaseUnitTestRuntimeClasspath
org.jetbrains.kotlin:kotlin-stdlib-jdk8:1.5.30=debugAndroidTestCompileClasspath,debugAndroidTestRuntimeClasspath,debugApiDependenciesMetadata,debugCompileClasspath,debugImplementationDependenciesMetadata,debugRuntimeClasspath,debugUnitTestCompileClasspath,debugUnitTestRuntimeClasspath,profileApiDependenciesMetadata,profileCompileClasspath,profileImplementationDependenciesMetadata,profileRuntimeClasspath,profileUnitTestCompileClasspath,profileUnitTestRuntimeClasspath,releaseApiDependenciesMetadata,releaseCompileClasspath,releaseImplementationDependenciesMetadata,releaseRuntimeClasspath,releaseUnitTestCompileClasspath,releaseUnitTestRuntimeClasspath
org.jetbrains.kotlin:kotlin-stdlib:1.5.31=debugApiDependenciesMetadata,profileApiDependenciesMetadata,releaseApiDependenciesMetadata
org.jetbrains.kotlin:kotlin-stdlib:1.7.10=kotlinCompilerClasspath,kotlinKlibCommonizerClasspath
org.jetbrains.kotlin:kotlin-stdlib:1.7.21=debugAndroidTestCompileClasspath,debugAndroidTestRuntimeClasspath,debugCompileClasspath,debugImplementationDependenciesMetadata,debugRuntimeClasspath,debugUnitTestCompileClasspath,debugUnitTestRuntimeClasspath,implementationDependenciesMetadata,profileCompileClasspath,profileImplementationDependenciesMetadata,profileRuntimeClasspath,profileUnitTestCompileClasspath,profileUnitTestRuntimeClasspath,releaseCompileClasspath,releaseImplementationDependenciesMetadata,releaseRuntimeClasspath,releaseUnitTestCompileClasspath,releaseUnitTestRuntimeClasspath
org.jetbrains.kotlinx:atomicfu:0.16.3=debugApiDependenciesMetadata,debugImplementationDependenciesMetadata,profileApiDependenciesMetadata,profileImplementationDependenciesMetadata,releaseApiDependenciesMetadata,releaseImplementationDependenciesMetadata
org.jetbrains.kotlinx:kotlinx-coroutines-android:1.5.2=debugAndroidTestCompileClasspath,debugAndroidTestRuntimeClasspath,debugApiDependenciesMetadata,debugCompileClasspath,debugImplementationDependenciesMetadata,debugRuntimeClasspath,debugUnitTestCompileClasspath,debugUnitTestRuntimeClasspath,profileApiDependenciesMetadata,profileCompileClasspath,profileImplementationDependenciesMetadata,profileRuntimeClasspath,profileUnitTestCompileClasspath,profileUnitTestRuntimeClasspath,releaseApiDependenciesMetadata,releaseCompileClasspath,releaseImplementationDependenciesMetadata,releaseRuntimeClasspath,releaseUnitTestCompileClasspath,releaseUnitTestRuntimeClasspath
org.jetbrains.kotlinx:kotlinx-coroutines-core-jvm:1.5.2=debugAndroidTestCompileClasspath,debugAndroidTestRuntimeClasspath,debugCompileClasspath,debugRuntimeClasspath,debugUnitTestCompileClasspath,debugUnitTestRuntimeClasspath,profileCompileClasspath,profileRuntimeClasspath,profileUnitTestCompileClasspath,profileUnitTestRuntimeClasspath,releaseCompileClasspath,releaseRuntimeClasspath,releaseUnitTestCompileClasspath,releaseUnitTestRuntimeClasspath
org.jetbrains.kotlinx:kotlinx-coroutines-core:1.5.2=debugAndroidTestCompileClasspath,debugAndroidTestRuntimeClasspath,debugApiDependenciesMetadata,debugCompileClasspath,debugImplementationDependenciesMetadata,debugRuntimeClasspath,debugUnitTestCompileClasspath,debugUnitTestRuntimeClasspath,profileApiDependenciesMetadata,profileCompileClasspath,profileImplementationDependenciesMetadata,profileRuntimeClasspath,profileUnitTestCompileClasspath,profileUnitTestRuntimeClasspath,releaseApiDependenciesMetadata,releaseCompileClasspath,releaseImplementationDependenciesMetadata,releaseRuntimeClasspath,releaseUnitTestCompileClasspath,releaseUnitTestRuntimeClasspath
org.jetbrains:annotations:13.0=debugAndroidTestCompileClasspath,debugAndroidTestRuntimeClasspath,debugApiDependenciesMetadata,debugCompileClasspath,debugImplementationDependenciesMetadata,debugRuntimeClasspath,debugUnitTestCompileClasspath,debugUnitTestRuntimeClasspath,implementationDependenciesMetadata,kotlinCompilerClasspath,kotlinKlibCommonizerClasspath,profileApiDependenciesMetadata,profileCompileClasspath,profileImplementationDependenciesMetadata,profileRuntimeClasspath,profileUnitTestCompileClasspath,profileUnitTestRuntimeClasspath,releaseApiDependenciesMetadata,releaseCompileClasspath,releaseImplementationDependenciesMetadata,releaseRuntimeClasspath,releaseUnitTestCompileClasspath,releaseUnitTestRuntimeClasspath
org.mockito.kotlin:mockito-kotlin:3.1.0=debugUnitTestCompileClasspath,debugUnitTestImplementationDependenciesMetadata,debugUnitTestRuntimeClasspath,profileUnitTestCompileClasspath,profileUnitTestImplementationDependenciesMetadata,profileUnitTestRuntimeClasspath,releaseUnitTestCompileClasspath,releaseUnitTestImplementationDependenciesMetadata,releaseUnitTestRuntimeClasspath,testImplementationDependenciesMetadata
org.mockito:mockito-core:3.8.0=debugUnitTestCompileClasspath,debugUnitTestImplementationDependenciesMetadata,debugUnitTestRuntimeClasspath,profileUnitTestCompileClasspath,profileUnitTestImplementationDependenciesMetadata,profileUnitTestRuntimeClasspath,releaseUnitTestCompileClasspath,releaseUnitTestImplementationDependenciesMetadata,releaseUnitTestRuntimeClasspath,testImplementationDependenciesMetadata
org.objenesis:objenesis:3.1=debugUnitTestCompileClasspath,debugUnitTestImplementationDependenciesMetadata,debugUnitTestRuntimeClasspath,profileUnitTestCompileClasspath,profileUnitTestImplementationDependenciesMetadata,profileUnitTestRuntimeClasspath,releaseUnitTestCompileClasspath,releaseUnitTestImplementationDependenciesMetadata,releaseUnitTestRuntimeClasspath,testImplementationDependenciesMetadata
org.ow2.asm:asm-analysis:9.0=debugUnitTestCompileClasspath,debugUnitTestImplementationDependenciesMetadata,debugUnitTestRuntimeClasspath,profileUnitTestCompileClasspath,profileUnitTestImplementationDependenciesMetadata,profileUnitTestRuntimeClasspath,releaseUnitTestCompileClasspath,releaseUnitTestImplementationDependenciesMetadata,releaseUnitTestRuntimeClasspath,testImplementationDependenciesMetadata
org.ow2.asm:asm-analysis:9.1=androidJacocoAnt
org.ow2.asm:asm-commons:9.0=debugUnitTestCompileClasspath,debugUnitTestImplementationDependenciesMetadata,debugUnitTestRuntimeClasspath,profileUnitTestCompileClasspath,profileUnitTestImplementationDependenciesMetadata,profileUnitTestRuntimeClasspath,releaseUnitTestCompileClasspath,releaseUnitTestImplementationDependenciesMetadata,releaseUnitTestRuntimeClasspath,testImplementationDependenciesMetadata
org.ow2.asm:asm-commons:9.1=androidJacocoAnt
org.ow2.asm:asm-tree:9.0=debugUnitTestCompileClasspath,debugUnitTestImplementationDependenciesMetadata,debugUnitTestRuntimeClasspath,profileUnitTestCompileClasspath,profileUnitTestImplementationDependenciesMetadata,profileUnitTestRuntimeClasspath,releaseUnitTestCompileClasspath,releaseUnitTestImplementationDependenciesMetadata,releaseUnitTestRuntimeClasspath,testImplementationDependenciesMetadata
org.ow2.asm:asm-tree:9.1=androidJacocoAnt
org.ow2.asm:asm-util:9.0=debugUnitTestCompileClasspath,debugUnitTestImplementationDependenciesMetadata,debugUnitTestRuntimeClasspath,profileUnitTestCompileClasspath,profileUnitTestImplementationDependenciesMetadata,profileUnitTestRuntimeClasspath,releaseUnitTestCompileClasspath,releaseUnitTestImplementationDependenciesMetadata,releaseUnitTestRuntimeClasspath,testImplementationDependenciesMetadata
org.ow2.asm:asm:9.0=debugUnitTestCompileClasspath,debugUnitTestImplementationDependenciesMetadata,debugUnitTestRuntimeClasspath,profileUnitTestCompileClasspath,profileUnitTestImplementationDependenciesMetadata,profileUnitTestRuntimeClasspath,releaseUnitTestCompileClasspath,releaseUnitTestImplementationDependenciesMetadata,releaseUnitTestRuntimeClasspath,testImplementationDependenciesMetadata
org.ow2.asm:asm:9.1=androidJacocoAnt
org.robolectric:annotations:4.5.1=debugUnitTestCompileClasspath,debugUnitTestImplementationDependenciesMetadata,debugUnitTestRuntimeClasspath,profileUnitTestCompileClasspath,profileUnitTestImplementationDependenciesMetadata,profileUnitTestRuntimeClasspath,releaseUnitTestCompileClasspath,releaseUnitTestImplementationDependenciesMetadata,releaseUnitTestRuntimeClasspath,testImplementationDependenciesMetadata
org.robolectric:junit:4.5.1=debugUnitTestCompileClasspath,debugUnitTestImplementationDependenciesMetadata,debugUnitTestRuntimeClasspath,profileUnitTestCompileClasspath,profileUnitTestImplementationDependenciesMetadata,profileUnitTestRuntimeClasspath,releaseUnitTestCompileClasspath,releaseUnitTestImplementationDependenciesMetadata,releaseUnitTestRuntimeClasspath,testImplementationDependenciesMetadata
org.robolectric:pluginapi:4.5.1=debugUnitTestCompileClasspath,debugUnitTestImplementationDependenciesMetadata,debugUnitTestRuntimeClasspath,profileUnitTestCompileClasspath,profileUnitTestImplementationDependenciesMetadata,profileUnitTestRuntimeClasspath,releaseUnitTestCompileClasspath,releaseUnitTestImplementationDependenciesMetadata,releaseUnitTestRuntimeClasspath,testImplementationDependenciesMetadata
org.robolectric:plugins-maven-dependency-resolver:4.5.1=debugUnitTestCompileClasspath,debugUnitTestImplementationDependenciesMetadata,debugUnitTestRuntimeClasspath,profileUnitTestCompileClasspath,profileUnitTestImplementationDependenciesMetadata,profileUnitTestRuntimeClasspath,releaseUnitTestCompileClasspath,releaseUnitTestImplementationDependenciesMetadata,releaseUnitTestRuntimeClasspath,testImplementationDependenciesMetadata
org.robolectric:resources:4.5.1=debugUnitTestCompileClasspath,debugUnitTestImplementationDependenciesMetadata,debugUnitTestRuntimeClasspath,profileUnitTestCompileClasspath,profileUnitTestImplementationDependenciesMetadata,profileUnitTestRuntimeClasspath,releaseUnitTestCompileClasspath,releaseUnitTestImplementationDependenciesMetadata,releaseUnitTestRuntimeClasspath,testImplementationDependenciesMetadata
org.robolectric:robolectric:4.5.1=debugUnitTestCompileClasspath,debugUnitTestImplementationDependenciesMetadata,debugUnitTestRuntimeClasspath,profileUnitTestCompileClasspath,profileUnitTestImplementationDependenciesMetadata,profileUnitTestRuntimeClasspath,releaseUnitTestCompileClasspath,releaseUnitTestImplementationDependenciesMetadata,releaseUnitTestRuntimeClasspath,testImplementationDependenciesMetadata
org.robolectric:sandbox:4.5.1=debugUnitTestCompileClasspath,debugUnitTestImplementationDependenciesMetadata,debugUnitTestRuntimeClasspath,profileUnitTestCompileClasspath,profileUnitTestImplementationDependenciesMetadata,profileUnitTestRuntimeClasspath,releaseUnitTestCompileClasspath,releaseUnitTestImplementationDependenciesMetadata,releaseUnitTestRuntimeClasspath,testImplementationDependenciesMetadata
org.robolectric:shadowapi:4.5.1=debugUnitTestCompileClasspath,debugUnitTestImplementationDependenciesMetadata,debugUnitTestRuntimeClasspath,profileUnitTestCompileClasspath,profileUnitTestImplementationDependenciesMetadata,profileUnitTestRuntimeClasspath,releaseUnitTestCompileClasspath,releaseUnitTestImplementationDependenciesMetadata,releaseUnitTestRuntimeClasspath,testImplementationDependenciesMetadata
org.robolectric:shadows-framework:4.5.1=debugUnitTestCompileClasspath,debugUnitTestImplementationDependenciesMetadata,debugUnitTestRuntimeClasspath,profileUnitTestCompileClasspath,profileUnitTestImplementationDependenciesMetadata,profileUnitTestRuntimeClasspath,releaseUnitTestCompileClasspath,releaseUnitTestImplementationDependenciesMetadata,releaseUnitTestRuntimeClasspath,testImplementationDependenciesMetadata
org.robolectric:utils-reflector:4.5.1=debugUnitTestCompileClasspath,debugUnitTestImplementationDependenciesMetadata,debugUnitTestRuntimeClasspath,profileUnitTestCompileClasspath,profileUnitTestImplementationDependenciesMetadata,profileUnitTestRuntimeClasspath,releaseUnitTestCompileClasspath,releaseUnitTestImplementationDependenciesMetadata,releaseUnitTestRuntimeClasspath,testImplementationDependenciesMetadata
org.robolectric:utils:4.5.1=debugUnitTestCompileClasspath,debugUnitTestImplementationDependenciesMetadata,debugUnitTestRuntimeClasspath,profileUnitTestCompileClasspath,profileUnitTestImplementationDependenciesMetadata,profileUnitTestRuntimeClasspath,releaseUnitTestCompileClasspath,releaseUnitTestImplementationDependenciesMetadata,releaseUnitTestRuntimeClasspath,testImplementationDependenciesMetadata
empty=androidApis,androidJdkImage,androidTestApiDependenciesMetadata,androidTestCompileOnlyDependenciesMetadata,androidTestDebugApiDependenciesMetadata,androidTestDebugCompileOnlyDependenciesMetadata,androidTestDebugImplementationDependenciesMetadata,androidTestDebugIntransitiveDependenciesMetadata,androidTestDebugRuntimeOnlyDependenciesMetadata,androidTestImplementationDependenciesMetadata,androidTestIntransitiveDependenciesMetadata,androidTestProfileApiDependenciesMetadata,androidTestProfileCompileOnlyDependenciesMetadata,androidTestProfileImplementationDependenciesMetadata,androidTestProfileIntransitiveDependenciesMetadata,androidTestProfileRuntimeOnlyDependenciesMetadata,androidTestReleaseApiDependenciesMetadata,androidTestReleaseCompileOnlyDependenciesMetadata,androidTestReleaseImplementationDependenciesMetadata,androidTestReleaseIntransitiveDependenciesMetadata,androidTestReleaseRuntimeOnlyDependenciesMetadata,androidTestRuntimeOnlyDependenciesMetadata,androidTestUtil,apiDependenciesMetadata,coreLibraryDesugaring,debugAndroidTestAnnotationProcessorClasspath,debugAndroidTestApiDependenciesMetadata,debugAndroidTestCompileOnlyDependenciesMetadata,debugAndroidTestImplementationDependenciesMetadata,debugAndroidTestIntransitiveDependenciesMetadata,debugAndroidTestRuntimeOnlyDependenciesMetadata,debugAnnotationProcessorClasspath,debugIntransitiveDependenciesMetadata,debugRuntimeOnlyDependenciesMetadata,debugUnitTestAnnotationProcessorClasspath,debugUnitTestApiDependenciesMetadata,debugUnitTestCompileOnlyDependenciesMetadata,debugUnitTestIntransitiveDependenciesMetadata,debugUnitTestRuntimeOnlyDependenciesMetadata,intransitiveDependenciesMetadata,kotlinCompilerPluginClasspath,kotlinCompilerPluginClasspathDebug,kotlinCompilerPluginClasspathDebugAndroidTest,kotlinCompilerPluginClasspathDebugUnitTest,kotlinCompilerPluginClasspathProfile,kotlinCompilerPluginClasspathProfileUnitTest,kotlinCompilerPluginClasspathRelease,kotlinCompilerPluginClasspathReleaseUnitTest,kotlinNativeCompilerPluginClasspath,lintChecks,lintPublish,profileAnnotationProcessorClasspath,profileIntransitiveDependenciesMetadata,profileRuntimeOnlyDependenciesMetadata,profileUnitTestAnnotationProcessorClasspath,profileUnitTestApiDependenciesMetadata,profileUnitTestCompileOnlyDependenciesMetadata,profileUnitTestIntransitiveDependenciesMetadata,profileUnitTestRuntimeOnlyDependenciesMetadata,releaseAnnotationProcessorClasspath,releaseIntransitiveDependenciesMetadata,releaseRuntimeOnlyDependenciesMetadata,releaseUnitTestAnnotationProcessorClasspath,releaseUnitTestApiDependenciesMetadata,releaseUnitTestCompileOnlyDependenciesMetadata,releaseUnitTestIntransitiveDependenciesMetadata,releaseUnitTestRuntimeOnlyDependenciesMetadata,runtimeOnlyDependenciesMetadata,testApiDependenciesMetadata,testCompileOnlyDependenciesMetadata,testDebugApiDependenciesMetadata,testDebugCompileOnlyDependenciesMetadata,testDebugImplementationDependenciesMetadata,testDebugIntransitiveDependenciesMetadata,testDebugRuntimeOnlyDependenciesMetadata,testFixturesApiDependenciesMetadata,testFixturesCompileOnlyDependenciesMetadata,testFixturesDebugApiDependenciesMetadata,testFixturesDebugCompileOnlyDependenciesMetadata,testFixturesDebugImplementationDependenciesMetadata,testFixturesDebugIntransitiveDependenciesMetadata,testFixturesDebugRuntimeOnlyDependenciesMetadata,testFixturesImplementationDependenciesMetadata,testFixturesIntransitiveDependenciesMetadata,testFixturesProfileApiDependenciesMetadata,testFixturesProfileCompileOnlyDependenciesMetadata,testFixturesProfileImplementationDependenciesMetadata,testFixturesProfileIntransitiveDependenciesMetadata,testFixturesProfileRuntimeOnlyDependenciesMetadata,testFixturesReleaseApiDependenciesMetadata,testFixturesReleaseCompileOnlyDependenciesMetadata,testFixturesReleaseImplementationDependenciesMetadata,testFixturesReleaseIntransitiveDependenciesMetadata,testFixturesReleaseRuntimeOnlyDependenciesMetadata,testFixturesRuntimeOnlyDependenciesMetadata,testIntransitiveDependenciesMetadata,testProfileApiDependenciesMetadata,testProfileCompileOnlyDependenciesMetadata,testProfileImplementationDependenciesMetadata,testProfileIntransitiveDependenciesMetadata,testProfileRuntimeOnlyDependenciesMetadata,testReleaseApiDependenciesMetadata,testReleaseCompileOnlyDependenciesMetadata,testReleaseImplementationDependenciesMetadata,testReleaseIntransitiveDependenciesMetadata,testReleaseRuntimeOnlyDependenciesMetadata,testRuntimeOnlyDependenciesMetadata
